
Microsoft Visual Studio Solution File, Format Version 12.00
# Visual Studio Version 16
VisualStudioVersion = 16.0.31515.178
MinimumVisualStudioVersion = 10.0.40219.1
Project("{9A19103F-16F7-4668-BE54-9A1E7A4F7556}") = "Calculator", "Calculator\Calculator.csproj", "{0AACECB7-6C65-4F1F-8AA8-AB1017A239E4}"
EndProject
Project("{9A19103F-16F7-4668-BE54-9A1E7A4F7556}") = "MathsLib", "MathsLib\MathsLib.csproj", "{FB6BE79F-7B39-4CC1-BC8B-D7FF94E2DB78}"
EndProject
Project("{9A19103F-16F7-4668-BE54-9A1E7A4F7556}") = "TestMathsLib", "TestMathsLib\TestMathsLib.csproj", "{63611FBD-3260-4F3A-8C2B-EDE7EF4867E3}"
EndProject
Global
	GlobalSection(SolutionConfigurationPlatforms) = preSolution
		Debug|Any CPU = Debug|Any CPU
		Release|Any CPU = Release|Any CPU
	EndGlobalSection
	GlobalSection(ProjectConfigurationPlatforms) = postSolution
		{0AACECB7-6C65-4F1F-8AA8-AB1017A239E4}.Debug|Any CPU.ActiveCfg = Debug|Any CPU
		{0AACECB7-6C65-4F1F-8AA8-AB1017A239E4}.Debug|Any CPU.Build.0 = Debug|Any CPU
		{0AACECB7-6C65-4F1F-8AA8-AB1017A239E4}.Release|Any CPU.ActiveCfg = Release|Any CPU
		{0AACECB7-6C65-4F1F-8AA8-AB1017A239E4}.Release|Any CPU.Build.0 = Release|Any CPU
		{FB6BE79F-7B39-4CC1-BC8B-D7FF94E2DB78}.Debug|Any CPU.ActiveCfg = Debug|Any CPU
		{FB6BE79F-7B39-4CC1-BC8B-D7FF94E2DB78}.Debug|Any CPU.Build.0 = Debug|Any CPU
		{FB6BE79F-7B39-4CC1-BC8B-D7FF94E2DB78}.Release|Any CPU.ActiveCfg = Release|Any CPU
		{FB6BE79F-7B39-4CC1-BC8B-D7FF94E2DB78}.Release|Any CPU.Build.0 = Release|Any CPU
		{63611FBD-3260-4F3A-8C2B-EDE7EF4867E3}.Debug|Any CPU.ActiveCfg = Debug|Any CPU
		{63611FBD-3260-4F3A-8C2B-EDE7EF4867E3}.Debug|Any CPU.Build.0 = Debug|Any CPU
		{63611FBD-3260-4F3A-8C2B-EDE7EF4867E3}.Release|Any CPU.ActiveCfg = Release|Any CPU
		{63611FBD-3260-4F3A-8C2B-EDE7EF4867E3}.Release|Any CPU.Build.0 = Release|Any CPU
	EndGlobalSection
	GlobalSection(SolutionProperties) = preSolution
		HideSolutionNode = FALSE
	EndGlobalSection
	GlobalSection(ExtensibilityGlobals) = postSolution
		SolutionGuid = {7EA8486E-F62C-487B-A31E-0F08F15B87A4}
	EndGlobalSection
EndGlobal
